
Microsoft Visual Studio Solution File, Format Version 12.00
# Visual Studio 15
VisualStudioVersion = 15.0.28307.960
MinimumVisualStudioVersion = 10.0.40219.1
Project("{9A19103F-16F7-4668-BE54-9A1E7A4F7556}") = "ProAgil", "ProAgil\ProAgil.csproj", "{4174846A-A7A3-40D6-B5A8-C392D5347317}"
EndProject
Project("{FAE04EC0-301F-11D3-BF4B-00C04F79EFBC}") = "ProAgilApp", "ProAgilApp\ProAgilApp.csproj", "{44DF78CC-7EE8-4634-A0E0-5FD5B8D87E55}"
EndProject
Global
	GlobalSection(SolutionConfigurationPlatforms) = preSolution
		Debug|Any CPU = Debug|Any CPU
		Release|Any CPU = Release|Any CPU
	EndGlobalSection
	GlobalSection(ProjectConfigurationPlatforms) = postSolution
		{4174846A-A7A3-40D6-B5A8-C392D5347317}.Debug|Any CPU.ActiveCfg = Debug|Any CPU
		{4174846A-A7A3-40D6-B5A8-C392D5347317}.Debug|Any CPU.Build.0 = Debug|Any CPU
		{4174846A-A7A3-40D6-B5A8-C392D5347317}.Release|Any CPU.ActiveCfg = Release|Any CPU
		{4174846A-A7A3-40D6-B5A8-C392D5347317}.Release|Any CPU.Build.0 = Release|Any CPU
		{44DF78CC-7EE8-4634-A0E0-5FD5B8D87E55}.Debug|Any CPU.ActiveCfg = Debug|Any CPU
		{44DF78CC-7EE8-4634-A0E0-5FD5B8D87E55}.Debug|Any CPU.Build.0 = Debug|Any CPU
		{44DF78CC-7EE8-4634-A0E0-5FD5B8D87E55}.Release|Any CPU.ActiveCfg = Release|Any CPU
		{44DF78CC-7EE8-4634-A0E0-5FD5B8D87E55}.Release|Any CPU.Build.0 = Release|Any CPU
	EndGlobalSection
	GlobalSection(SolutionProperties) = preSolution
		HideSolutionNode = FALSE
	EndGlobalSection
	GlobalSection(ExtensibilityGlobals) = postSolution
		SolutionGuid = {8B2BE421-0784-4248-8A6A-FBCC00D9B153}
	EndGlobalSection
EndGlobal
